
Microsoft Visual Studio Solution File, Format Version 12.00
# Visual Studio 15
VisualStudioVersion = 15.0.27703.2000
MinimumVisualStudioVersion = 10.0.40219.1
Project("{FAE04EC0-301F-11D3-BF4B-00C04F79EFBC}") = "OnlineFoodOrdering", "OnlineFoodOrdering\OnlineFoodOrdering.csproj", "{A674BBD8-2F03-4AD5-944B-1CAFCD9FA031}"
EndProject
Global
	GlobalSection(SolutionConfigurationPlatforms) = preSolution
		Debug|Any CPU = Debug|Any CPU
		Release|Any CPU = Release|Any CPU
	EndGlobalSection
	GlobalSection(ProjectConfigurationPlatforms) = postSolution
		{A674BBD8-2F03-4AD5-944B-1CAFCD9FA031}.Debug|Any CPU.ActiveCfg = Debug|Any CPU
		{A674BBD8-2F03-4AD5-944B-1CAFCD9FA031}.Debug|Any CPU.Build.0 = Debug|Any CPU
		{A674BBD8-2F03-4AD5-944B-1CAFCD9FA031}.Release|Any CPU.ActiveCfg = Release|Any CPU
		{A674BBD8-2F03-4AD5-944B-1CAFCD9FA031}.Release|Any CPU.Build.0 = Release|Any CPU
	EndGlobalSection
	GlobalSection(SolutionProperties) = preSolution
		HideSolutionNode = FALSE
	EndGlobalSection
	GlobalSection(ExtensibilityGlobals) = postSolution
		SolutionGuid = {7C2D8165-0EE0-4FAE-B323-3DE4C3B3CF09}
	EndGlobalSection
EndGlobal
